
Microsoft Visual Studio Solution File, Format Version 12.00
# Visual Studio Version 17
VisualStudioVersion = 17.7.34024.191
MinimumVisualStudioVersion = 10.0.40219.1
Project("{FAE04EC0-301F-11D3-BF4B-00C04F79EFBC}") = "paint", "paint\paint.csproj", "{12E51C6E-BED6-4761-BAC3-00F26D550F4C}"
EndProject
Global
	GlobalSection(SolutionConfigurationPlatforms) = preSolution
		Debug|Any CPU = Debug|Any CPU
		Release|Any CPU = Release|Any CPU
	EndGlobalSection
	GlobalSection(ProjectConfigurationPlatforms) = postSolution
		{12E51C6E-BED6-4761-BAC3-00F26D550F4C}.Debug|Any CPU.ActiveCfg = Debug|Any CPU
		{12E51C6E-BED6-4761-BAC3-00F26D550F4C}.Debug|Any CPU.Build.0 = Debug|Any CPU
		{12E51C6E-BED6-4761-BAC3-00F26D550F4C}.Release|Any CPU.ActiveCfg = Release|Any CPU
		{12E51C6E-BED6-4761-BAC3-00F26D550F4C}.Release|Any CPU.Build.0 = Release|Any CPU
	EndGlobalSection
	GlobalSection(SolutionProperties) = preSolution
		HideSolutionNode = FALSE
	EndGlobalSection
	GlobalSection(ExtensibilityGlobals) = postSolution
		SolutionGuid = {9C1108CF-6B2C-4FA0-BF7C-DA88EE72E222}
	EndGlobalSection
EndGlobal
